---
lockfileVersion: 1
lockfileVendor: redhat
arches:
- arch: x86_64
  packages:
  - url: https://cdn.redhat.com/content/aus/rhel8/8.6/x86_64/appstream/os/Packages/c/cpp-8.5.0-10.4.el8_6.x86_64.rpm
    repoid: rhel-8-for-x86_64-appstream-aus-rpms
    size: 10933024
    checksum: sha256:268d07f4335e5fb4e5ff49cb2d6daaf735e2c750752962bdfff345a6a34a510a
    name: cpp
    evr: 8.5.0-10.4.el8_6
    sourcerpm: gcc-8.5.0-10.4.el8_6.src.rpm
  - url: https://cdn.redhat.com/content/aus/rhel8/8.6/x86_64/appstream/os/Packages/d/dpdk-21.11-3.el8_6.x86_64.rpm
    repoid: rhel-8-for-x86_64-appstream-aus-rpms
    size: 4026252
    checksum: sha256:1d623f0d0301b9f07a8b0fcec80f650c3cf5c68e2cec5a862b8e50a608a0ecb3
    name: dpdk
    evr: 21.11-3.el8_6
    sourcerpm: dpdk-21.11-3.el8_6.src.rpm
  - url: https://cdn.redhat.com/content/aus/rhel8/8.6/x86_64/appstream/os/Packages/d/dpdk-devel-21.11-3.el8_6.x86_64.rpm
    repoid: rhel-8-for-x86_64-appstream-aus-rpms
    size: 1110920
    checksum: sha256:6a875b194358ccb8fbb349d28001b499bfacf6b9871d3bc18410545fedd5b2b3
    name: dpdk-devel
    evr: 21.11-3.el8_6
    sourcerpm: dpdk-21.11-3.el8_6.src.rpm
  - url: https://cdn.redhat.com/content/aus/rhel8/8.6/x86_64/appstream/os/Packages/d/dpdk-tools-21.11-3.el8_6.x86_64.rpm
    repoid: rhel-8-for-x86_64-appstream-aus-rpms
    size: 41908
    checksum: sha256:7458f3d8c61cffba0d931300acd8799646a4260ba08fd813a03d0f20fdbc9fc6
    name: dpdk-tools
    evr: 21.11-3.el8_6
    sourcerpm: dpdk-21.11-3.el8_6.src.rpm
  - url: https://cdn.redhat.com/content/aus/rhel8/8.6/x86_64/appstream/os/Packages/g/gcc-8.5.0-10.4.el8_6.x86_64.rpm
    repoid: rhel-8-for-x86_64-appstream-aus-rpms
    size: 24584636
    checksum: sha256:7d1c902eeb0b8ddecec93679ab1d041aa48976ca63afc421b30d768b67522c35
    name: gcc
    evr: 8.5.0-10.4.el8_6
    sourcerpm: gcc-8.5.0-10.4.el8_6.src.rpm
  - url: https://cdn.redhat.com/content/aus/rhel8/8.6/x86_64/appstream/os/Packages/g/git-2.31.8-3.el8_6.1.x86_64.rpm
    repoid: rhel-8-for-x86_64-appstream-aus-rpms
    size: 166308
    checksum: sha256:1713959d41feed072b0ebe7d1048b2c5e8a01e2388c946832ca945968e3d7347
    name: git
    evr: 2.31.8-3.el8_6.1
    sourcerpm: git-2.31.8-3.el8_6.1.src.rpm
  - url: https://cdn.redhat.com/content/aus/rhel8/8.6/x86_64/appstream/os/Packages/g/git-core-2.31.8-3.el8_6.1.x86_64.rpm
    repoid: rhel-8-for-x86_64-appstream-aus-rpms
    size: 5059156
    checksum: sha256:1c02c3b7f7dd50201e9ebd7a75c018594d81ea1e608da0be1647d8e45b3b454c
    name: git-core
    evr: 2.31.8-3.el8_6.1
    sourcerpm: git-2.31.8-3.el8_6.1.src.rpm
  - url: https://cdn.redhat.com/content/aus/rhel8/8.6/x86_64/appstream/os/Packages/g/git-core-doc-2.31.8-3.el8_6.1.noarch.rpm
    repoid: rhel-8-for-x86_64-appstream-aus-rpms
    size: 2784440
    checksum: sha256:6d4588b4b261b3ef0376c15d229a7413060ac76eab6d1c08a0ea5edc4c9ab6c8
    name: git-core-doc
    evr: 2.31.8-3.el8_6.1
    sourcerpm: git-2.31.8-3.el8_6.1.src.rpm
  - url: https://cdn.redhat.com/content/aus/rhel8/8.6/x86_64/appstream/os/Packages/i/isl-0.16.1-6.el8.x86_64.rpm
    repoid: rhel-8-for-x86_64-appstream-aus-rpms
    size: 861300
    checksum: sha256:67e906b7bf52efc411fcf86568a90d6bf580242a7dc2b2fff813f0864492c7ea
    name: isl
    evr: 0.16.1-6.el8
    sourcerpm: isl-0.16.1-6.el8.src.rpm
  - url: https://cdn.redhat.com/content/aus/rhel8/8.6/x86_64/appstream/os/Packages/l/libmpc-1.1.0-9.1.el8.x86_64.rpm
    repoid: rhel-8-for-x86_64-appstream-aus-rpms
    size: 62440
    checksum: sha256:230146e73dbaa1a259c2d8f1fbb10026c1726ebf2f14ef7e7e7957eb27b97ae9
    name: libmpc
    evr: 1.1.0-9.1.el8
    sourcerpm: libmpc-1.1.0-9.1.el8.src.rpm
  - url: https://cdn.redhat.com/content/aus/rhel8/8.6/x86_64/appstream/os/Packages/p/perl-Digest-1.17-395.el8.noarch.rpm
    repoid: rhel-8-for-x86_64-appstream-aus-rpms
    size: 27624
    checksum: sha256:9e90e6054da06f5c8c2733c3b66987693a58ddc1f05d95b23ca0a464e26a2b22
    name: perl-Digest
    evr: 1.17-395.el8
    sourcerpm: perl-Digest-1.17-395.el8.src.rpm
  - url: https://cdn.redhat.com/content/aus/rhel8/8.6/x86_64/appstream/os/Packages/p/perl-Digest-MD5-2.55-396.el8.x86_64.rpm
    repoid: rhel-8-for-x86_64-appstream-aus-rpms
    size: 37880
    checksum: sha256:83ffd804a5c0ac401ea30620a563a57bbfd2eb1f16cbc6813b7ea22303ac9f53
    name: perl-Digest-MD5
    evr: 2.55-396.el8
    sourcerpm: perl-Digest-MD5-2.55-396.el8.src.rpm
  - url: https://cdn.redhat.com/content/aus/rhel8/8.6/x86_64/appstream/os/Packages/p/perl-Error-0.17025-2.el8.noarch.rpm
    repoid: rhel-8-for-x86_64-appstream-aus-rpms
    size: 47160
    checksum: sha256:a6ba7653293a529eddb0245935f26091e2fef58e1d479297056e78a4424acd92
    name: perl-Error
    evr: 1:0.17025-2.el8
    sourcerpm: perl-Error-0.17025-2.el8.src.rpm
  - url: https://cdn.redhat.com/content/aus/rhel8/8.6/x86_64/appstream/os/Packages/p/perl-Git-2.31.8-3.el8_6.1.noarch.rpm
    repoid: rhel-8-for-x86_64-appstream-aus-rpms
    size: 80916
    checksum: sha256:06b5ce78304f9ac8f05beca38d26c517e66efa6f02af0f1f1211e44e15da4f60
    name: perl-Git
    evr: 2.31.8-3.el8_6.1
    sourcerpm: git-2.31.8-3.el8_6.1.src.rpm
  - url: https://cdn.redhat.com/content/aus/rhel8/8.6/x86_64/appstream/os/Packages/p/perl-IO-Socket-IP-0.39-5.el8.noarch.rpm
    repoid: rhel-8-for-x86_64-appstream-aus-rpms
    size: 47972
    checksum: sha256:7519f2af362827daecf105e1dccb551350f32dfd3f6a8a85bf6eb1b4b7788255
    name: perl-IO-Socket-IP
    evr: 0.39-5.el8
    sourcerpm: perl-IO-Socket-IP-0.39-5.el8.src.rpm
  - url: https://cdn.redhat.com/content/aus/rhel8/8.6/x86_64/appstream/os/Packages/p/perl-IO-Socket-SSL-2.066-4.module+el8.3.0+6446+594cad75.noarch.rpm
    repoid: rhel-8-for-x86_64-appstream-aus-rpms
    size: 304826
    checksum: sha256:e82ab03c8a19f40df7f1eee34786246562ba4f5d5876ce77736ecde219006cf4
    name: perl-IO-Socket-SSL
    evr: 2.066-4.module+el8.3.0+6446+594cad75
    sourcerpm: perl-IO-Socket-SSL-2.066-4.module+el8.3.0+6446+594cad75.src.rpm
  - url: https://cdn.redhat.com/content/aus/rhel8/8.6/x86_64/appstream/os/Packages/p/perl-Mozilla-CA-20160104-7.module+el8.3.0+6498+9eecfe51.noarch.rpm
    repoid: rhel-8-for-x86_64-appstream-aus-rpms
    size: 15771
    checksum: sha256:d2593772ce32d37483f61d254990c31e3548ab504c793b95e8f4603a5040032b
    name: perl-Mozilla-CA
    evr: 20160104-7.module+el8.3.0+6498+9eecfe51
    sourcerpm: perl-Mozilla-CA-20160104-7.module+el8.3.0+6498+9eecfe51.src.rpm
  - url: https://cdn.redhat.com/content/aus/rhel8/8.6/x86_64/appstream/os/Packages/p/perl-Net-SSLeay-1.88-2.module+el8.6.0+13392+f0897f98.x86_64.rpm
    repoid: rhel-8-for-x86_64-appstream-aus-rpms
    size: 388290
    checksum: sha256:290312d4dd2d24f0c42235a50512d5a7d23018a0ef12eb54907aa8f88cc22fb3
    name: perl-Net-SSLeay
    evr: 1.88-2.module+el8.6.0+13392+f0897f98
    sourcerpm: perl-Net-SSLeay-1.88-2.module+el8.6.0+13392+f0897f98.src.rpm
  - url: https://cdn.redhat.com/content/aus/rhel8/8.6/x86_64/appstream/os/Packages/p/perl-TermReadKey-2.37-7.el8.x86_64.rpm
    repoid: rhel-8-for-x86_64-appstream-aus-rpms
    size: 41200
    checksum: sha256:ea22b60430f762e2b8e2d5697522af1aa937ea0b933c6dbe5b5a8ca4f2b7dbd6
    name: perl-TermReadKey
    evr: 2.37-7.el8
    sourcerpm: perl-TermReadKey-2.37-7.el8.src.rpm
  - url: https://cdn.redhat.com/content/aus/rhel8/8.6/x86_64/appstream/os/Packages/p/perl-URI-1.73-3.el8.noarch.rpm
    repoid: rhel-8-for-x86_64-appstream-aus-rpms
    size: 118948
    checksum: sha256:dd6a948e5a656701156c618e202c0b6defd11ba6f162b6790cbb42cea15141ae
    name: perl-URI
    evr: 1.73-3.el8
    sourcerpm: perl-URI-1.73-3.el8.src.rpm
  - url: https://cdn.redhat.com/content/aus/rhel8/8.6/x86_64/appstream/os/Packages/p/perl-libnet-3.11-3.el8.noarch.rpm
    repoid: rhel-8-for-x86_64-appstream-aus-rpms
    size: 123808
    checksum: sha256:81afd309f084c91d68c06bd46a4fce2e0d1e265a01ff87e309d1202e711e4a02
    name: perl-libnet
    evr: 3.11-3.el8
    sourcerpm: perl-libnet-3.11-3.el8.src.rpm
  - url: https://cdn.redhat.com/content/aus/rhel8/8.6/x86_64/appstream/os/Packages/p/python3-pip-9.0.3-22.3.el8_6.noarch.rpm
    repoid: rhel-8-for-x86_64-appstream-aus-rpms
    size: 21028
    checksum: sha256:b10727b5f73064cbccd9e26afa1f16ac957794ebd2d0b33c775a7e907e182eb6
    name: python3-pip
    evr: 9.0.3-22.3.el8_6
    sourcerpm: python-pip-9.0.3-22.3.el8_6.src.rpm
  - url: https://cdn.redhat.com/content/aus/rhel8/8.6/x86_64/appstream/os/Packages/p/python36-3.6.8-38.module+el8.5.0+12207+5c5719bc.x86_64.rpm
    repoid: rhel-8-for-x86_64-appstream-aus-rpms
    size: 19858
    checksum: sha256:ee2ba576f07f5cdd9cf24e788d60071869107aa313addbba0a311448bb32a86c
    name: python36
    evr: 3.6.8-38.module+el8.5.0+12207+5c5719bc
    sourcerpm: python36-3.6.8-38.module+el8.5.0+12207+5c5719bc.src.rpm
  - url: https://cdn.redhat.com/content/aus/rhel8/8.6/x86_64/appstream/os/Packages/s/scl-utils-2.0.2-15.el8.x86_64.rpm
    repoid: rhel-8-for-x86_64-appstream-aus-rpms
    size: 48320
    checksum: sha256:34ab5f54ad64d3049c1c325ec805a42266c5b6df98388f127924fb682627305a
    name: scl-utils
    evr: 1:2.0.2-15.el8
    sourcerpm: scl-utils-2.0.2-15.el8.src.rpm
  - url: https://cdn.redhat.com/content/aus/rhel8/8.6/x86_64/baseos/os/Packages/b/binutils-2.30-113.el8_6.3.x86_64.rpm
    repoid: rhel-8-for-x86_64-baseos-aus-rpms
    size: 6091560
    checksum: sha256:3c8444389c439c5c0d1eea67624cc7e64eb600557d998c3ce82f076a7e75be62
    name: binutils
    evr: 2.30-113.el8_6.3
    sourcerpm: binutils-2.30-113.el8_6.3.src.rpm
  - url: https://cdn.redhat.com/content/aus/rhel8/8.6/x86_64/baseos/os/Packages/b/bsdtar-3.3.3-4.el8_6.x86_64.rpm
    repoid: rhel-8-for-x86_64-baseos-aus-rpms
    size: 72780
    checksum: sha256:219356c78735f53029b722a644b9a76838f1ff15a08b05e3139f7387f63c1a9e
    name: bsdtar
    evr: 3.3.3-4.el8_6
    sourcerpm: libarchive-3.3.3-4.el8_6.src.rpm
  - url: https://cdn.redhat.com/content/aus/rhel8/8.6/x86_64/baseos/os/Packages/e/emacs-filesystem-26.1-7.el8_6.6.noarch.rpm
    repoid: rhel-8-for-x86_64-baseos-aus-rpms
    size: 72188
    checksum: sha256:2790d404fd66247c2f2a354a4e2b27d0c2d91ebdc939c66b8860ced3e3f25c2a
    name: emacs-filesystem
    evr: 1:26.1-7.el8_6.6
    sourcerpm: emacs-26.1-7.el8_6.6.src.rpm
  - url: https://cdn.redhat.com/content/aus/rhel8/8.6/x86_64/baseos/os/Packages/e/environment-modules-4.5.2-1.el8.x86_64.rpm
    repoid: rhel-8-for-x86_64-baseos-aus-rpms
    size: 431488
    checksum: sha256:2955d5683769a25bc2f0dd06d8c414d9d05a1faf8e1a8e345cbe921d7846eb15
    name: environment-modules
    evr: 4.5.2-1.el8
    sourcerpm: environment-modules-4.5.2-1.el8.src.rpm
  - url: https://cdn.redhat.com/content/aus/rhel8/8.6/x86_64/baseos/os/Packages/e/expect-5.45.4-5.el8.x86_64.rpm
    repoid: rhel-8-for-x86_64-baseos-aus-rpms
    size: 273060
    checksum: sha256:bcab95c77bd317fa00e47a66c617f54ca204a09f9385c9477940044021a97a5a
    name: expect
    evr: 5.45.4-5.el8
    sourcerpm: expect-5.45.4-5.el8.src.rpm
  - url: https://cdn.redhat.com/content/aus/rhel8/8.6/x86_64/baseos/os/Packages/g/gettext-0.19.8.1-17.el8.x86_64.rpm
    repoid: rhel-8-for-x86_64-baseos-aus-rpms
    size: 1119284
    checksum: sha256:6ef0f876469f7c290b53362dd983a556edd6b5c8aace9d5e94c10bf27f0179bd
    name: gettext
    evr: 0.19.8.1-17.el8
    sourcerpm: gettext-0.19.8.1-17.el8.src.rpm
  - url: https://cdn.redhat.com/content/aus/rhel8/8.6/x86_64/baseos/os/Packages/g/gettext-libs-0.19.8.1-17.el8.x86_64.rpm
    repoid: rhel-8-for-x86_64-baseos-aus-rpms
    size: 320224
    checksum: sha256:d31afc5532d581167003977d88771f22255923bf3a1aec4dabb5ac98ec910234
    name: gettext-libs
    evr: 0.19.8.1-17.el8
    sourcerpm: gettext-0.19.8.1-17.el8.src.rpm
  - url: https://cdn.redhat.com/content/aus/rhel8/8.6/x86_64/baseos/os/Packages/g/glibc-devel-2.28-189.12.el8_6.x86_64.rpm
    repoid: rhel-8-for-x86_64-baseos-aus-rpms
    size: 82592
    checksum: sha256:a227960fa9ff8b605d8d8277f3182d1cc28fdd780b0dcccf183176d78182e0d2
    name: glibc-devel
    evr: 2.28-189.12.el8_6
    sourcerpm: glibc-2.28-189.12.el8_6.src.rpm
  - url: https://cdn.redhat.com/content/aus/rhel8/8.6/x86_64/baseos/os/Packages/g/glibc-headers-2.28-189.12.el8_6.x86_64.rpm
    repoid: rhel-8-for-x86_64-baseos-aus-rpms
    size: 496232
    checksum: sha256:edd2581b907503d47a76a6d027a7dd6610e786679db4a5c8c3b02bc4cb77ced4
    name: glibc-headers
    evr: 2.28-189.12.el8_6
    sourcerpm: glibc-2.28-189.12.el8_6.src.rpm
  - url: https://cdn.redhat.com/content/aus/rhel8/8.6/x86_64/baseos/os/Packages/g/glibc-langpack-en-2.28-189.12.el8_6.x86_64.rpm
    repoid: rhel-8-for-x86_64-baseos-aus-rpms
    size: 855368
    checksum: sha256:85e641b9278fcf2522514c816abcdc9a426bdc3ada68fda42bcfb29e62393729
    name: glibc-langpack-en
    evr: 2.28-189.12.el8_6
    sourcerpm: glibc-2.28-189.12.el8_6.src.rpm
  - url: https://cdn.redhat.com/content/aus/rhel8/8.6/x86_64/baseos/os/Packages/g/glibc-locale-source-2.28-189.12.el8_6.x86_64.rpm
    repoid: rhel-8-for-x86_64-baseos-aus-rpms
    size: 4411772
    checksum: sha256:61def63b854c336eeeb5f7cb62199e9d6a4f2c0dadc97d22362eeaa690f05a56
    name: glibc-locale-source
    evr: 2.28-189.12.el8_6
    sourcerpm: glibc-2.28-189.12.el8_6.src.rpm
  - url: https://cdn.redhat.com/content/aus/rhel8/8.6/x86_64/baseos/os/Packages/g/groff-base-1.22.3-18.el8.x86_64.rpm
    repoid: rhel-8-for-x86_64-baseos-aus-rpms
    size: 1069536
    checksum: sha256:73c29baa2cd94f1ae6a1d1333818969a281b16dd4262f413ad284c5333719a4d
    name: groff-base
    evr: 1.22.3-18.el8
    sourcerpm: groff-1.22.3-18.el8.src.rpm
  - url: https://cdn.redhat.com/content/aus/rhel8/8.6/x86_64/baseos/os/Packages/h/hwdata-0.314-8.12.1.el8_6.noarch.rpm
    repoid: rhel-8-for-x86_64-baseos-aus-rpms
    size: 1832904
    checksum: sha256:a7d34bf579248744495b20cdba2541e722bafbd63bd6d905b1b2786a917aa01f
    name: hwdata
    evr: 0.314-8.12.1.el8_6
    sourcerpm: hwdata-0.314-8.12.1.el8_6.src.rpm
  - url: https://cdn.redhat.com/content/aus/rhel8/8.6/x86_64/baseos/os/Packages/i/infiniband-diags-37.2-1.el8_6.1.x86_64.rpm
    repoid: rhel-8-for-x86_64-baseos-aus-rpms
    size: 330348
    checksum: sha256:43493550573ae7b60a40c2d05ebe9a64a913c7c4edbad1ebca0dd5f0c5ab75b0
    name: infiniband-diags
    evr: 37.2-1.el8_6.1
    sourcerpm: rdma-core-37.2-1.el8_6.1.src.rpm
  - url: https://cdn.redhat.com/content/aus/rhel8/8.6/x86_64/baseos/os/Packages/i/iproute-5.15.0-4.el8_6.1.x86_64.rpm
    repoid: rhel-8-for-x86_64-baseos-aus-rpms
    size: 817040
    checksum: sha256:e55e8ba43b3d7bd6e2adafaa6e31de2a9d184c044a1e9716593c9d2a3515e0ac
    name: iproute
    evr: 5.15.0-4.el8_6.1
    sourcerpm: iproute-5.15.0-4.el8_6.1.src.rpm
  - url: https://cdn.redhat.com/content/aus/rhel8/8.6/x86_64/baseos/os/Packages/k/kernel-headers-4.18.0-372.157.1.el8_6.x86_64.rpm
    repoid: rhel-8-for-x86_64-baseos-aus-rpms
    size: 10034172
    checksum: sha256:f9ffe4dc835d625acd09c5d47e8da2730ba7490b99d46d6a536fc97b1b4a843a
    name: kernel-headers
    evr: 4.18.0-372.157.1.el8_6
    sourcerpm: kernel-4.18.0-372.157.1.el8_6.src.rpm
  - url: https://cdn.redhat.com/content/aus/rhel8/8.6/x86_64/baseos/os/Packages/k/kmod-25-19.el8.x86_64.rpm
    repoid: rhel-8-for-x86_64-baseos-aus-rpms
    size: 129212
    checksum: sha256:7c61778bbffbf9f887ece7fe58e1cddb865da4809ee283e439bbb3bfeaec6760
    name: kmod
    evr: 25-19.el8
    sourcerpm: kmod-25-19.el8.src.rpm
  - url: https://cdn.redhat.com/content/aus/rhel8/8.6/x86_64/baseos/os/Packages/l/less-530-3.el8_6.x86_64.rpm
    repoid: rhel-8-for-x86_64-baseos-aus-rpms
    size: 168252
    checksum: sha256:77a532d807071a9714cc55e3bcf485cde0f0b8a2bbc661c3812f5152b7ac1c79
    name: less
    evr: 530-3.el8_6
    sourcerpm: less-530-3.el8_6.src.rpm
  - url: https://cdn.redhat.com/content/aus/rhel8/8.6/x86_64/baseos/os/Packages/l/libbpf-0.4.0-3.el8.x86_64.rpm
    repoid: rhel-8-for-x86_64-baseos-aus-rpms
    size: 127916
    checksum: sha256:bd43f498b97fc0d7b11efadeeac94f4b24b1edf733685c74b5ba4acb2c2f941d
    name: libbpf
    evr: 0.4.0-3.el8
    sourcerpm: libbpf-0.4.0-3.el8.src.rpm
  - url: https://cdn.redhat.com/content/aus/rhel8/8.6/x86_64/baseos/os/Packages/l/libcroco-0.6.12-4.el8_2.1.x86_64.rpm
    repoid: rhel-8-for-x86_64-baseos-aus-rpms
    size: 115260
    checksum: sha256:d0982bac60512aaf37a99078e24446337ab6210db07ed95c49baeb9a3811dd2b
    name: libcroco
    evr: 0.6.12-4.el8_2.1
    sourcerpm: libcroco-0.6.12-4.el8_2.1.src.rpm
  - url: https://cdn.redhat.com/content/aus/rhel8/8.6/x86_64/baseos/os/Packages/l/libedit-3.1-23.20170329cvs.el8.x86_64.rpm
    repoid: rhel-8-for-x86_64-baseos-aus-rpms
    size: 104512
    checksum: sha256:0391105afa53c9503b59591615bd7c98e2f7a4cd94ff4fd1451c4234522f3880
    name: libedit
    evr: 3.1-23.20170329cvs.el8
    sourcerpm: libedit-3.1-23.20170329cvs.el8.src.rpm
  - url: https://cdn.redhat.com/content/aus/rhel8/8.6/x86_64/baseos/os/Packages/l/libgomp-8.5.0-10.4.el8_6.x86_64.rpm
    repoid: rhel-8-for-x86_64-baseos-aus-rpms
    size: 212004
    checksum: sha256:98096ddf6b8af45d079534e9a4b847e1eb36eb3adb9bb4a04b9c98487becbed3
    name: libgomp
    evr: 8.5.0-10.4.el8_6
    sourcerpm: gcc-8.5.0-10.4.el8_6.src.rpm
  - url: https://cdn.redhat.com/content/aus/rhel8/8.6/x86_64/baseos/os/Packages/l/libibumad-37.2-1.el8_6.1.x86_64.rpm
    repoid: rhel-8-for-x86_64-baseos-aus-rpms
    size: 34220
    checksum: sha256:8294cdad758eedf21e31652507af194fc708d990b1a94a4bd3c311f47b0030ef
    name: libibumad
    evr: 37.2-1.el8_6.1
    sourcerpm: rdma-core-37.2-1.el8_6.1.src.rpm
  - url: https://cdn.redhat.com/content/aus/rhel8/8.6/x86_64/baseos/os/Packages/l/libibverbs-37.2-1.el8_6.1.x86_64.rpm
    repoid: rhel-8-for-x86_64-baseos-aus-rpms
    size: 394156
    checksum: sha256:2262d73dc46dbaab06232b26e7e04040887729d31a6e8889838559396a4977e3
    name: libibverbs
    evr: 37.2-1.el8_6.1
    sourcerpm: rdma-core-37.2-1.el8_6.1.src.rpm
  - url: https://cdn.redhat.com/content/aus/rhel8/8.6/x86_64/baseos/os/Packages/l/libmnl-1.0.4-6.el8.x86_64.rpm
    repoid: rhel-8-for-x86_64-baseos-aus-rpms
    size: 31064
    checksum: sha256:9c5594fcac97c0f8813d7a188e2368e3b1095025fc4a0ecbd5d17e54c0c93f97
    name: libmnl
    evr: 1.0.4-6.el8
    sourcerpm: libmnl-1.0.4-6.el8.src.rpm
  - url: https://cdn.redhat.com/content/aus/rhel8/8.6/x86_64/baseos/os/Packages/l/libpipeline-1.5.0-2.el8.x86_64.rpm
    repoid: rhel-8-for-x86_64-baseos-aus-rpms
    size: 55776
    checksum: sha256:539abfc369a17023658486f7b4a48c8db159cc4d617b27da256ddac6e15ea687
    name: libpipeline
    evr: 1.5.0-2.el8
    sourcerpm: libpipeline-1.5.0-2.el8.src.rpm
  - url: https://cdn.redhat.com/content/aus/rhel8/8.6/x86_64/baseos/os/Packages/l/libpkgconf-1.4.2-1.el8.x86_64.rpm
    repoid: rhel-8-for-x86_64-baseos-aus-rpms
    size: 35620
    checksum: sha256:96fadfed6a8225a89b331e7b62ed8ee74b393cea1520fa0d89f6f0dc1a458fb3
    name: libpkgconf
    evr: 1.4.2-1.el8
    sourcerpm: pkgconf-1.4.2-1.el8.src.rpm
  - url: https://cdn.redhat.com/content/aus/rhel8/8.6/x86_64/baseos/os/Packages/l/librdmacm-37.2-1.el8_6.1.x86_64.rpm
    repoid: rhel-8-for-x86_64-baseos-aus-rpms
    size: 79852
    checksum: sha256:126bf664d40985c8d6e29127316239b237353f4ecc02e5523b6736da14feac5b
    name: librdmacm
    evr: 37.2-1.el8_6.1
    sourcerpm: rdma-core-37.2-1.el8_6.1.src.rpm
  - url: https://cdn.redhat.com/content/aus/rhel8/8.6/x86_64/baseos/os/Packages/l/libxcrypt-devel-4.1.1-6.el8.x86_64.rpm
    repoid: rhel-8-for-x86_64-baseos-aus-rpms
    size: 25844
    checksum: sha256:f747e081cde1b64bd018e858928aa45dd3b160e6493f8b9c35488a19b6783a84
    name: libxcrypt-devel
    evr: 4.1.1-6.el8
    sourcerpm: libxcrypt-4.1.1-6.el8.src.rpm
  - url: https://cdn.redhat.com/content/aus/rhel8/8.6/x86_64/baseos/os/Packages/m/make-4.2.1-11.el8.x86_64.rpm
    repoid: rhel-8-for-x86_64-baseos-aus-rpms
    size: 509756
    checksum: sha256:0e4e8e667208c6f9b01c7289269e8b0274984359111173a751b67b7c7d47ffec
    name: make
    evr: 1:4.2.1-11.el8
    sourcerpm: make-4.2.1-11.el8.src.rpm
  - url: https://cdn.redhat.com/content/aus/rhel8/8.6/x86_64/baseos/os/Packages/m/man-db-2.7.6.1-18.el8.x86_64.rpm
    repoid: rhel-8-for-x86_64-baseos-aus-rpms
    size: 908308
    checksum: sha256:4ba395fa52087932606da98e076eb94b8d766ee11d0a60bc09bc8bd57ff6e479
    name: man-db
    evr: 2.7.6.1-18.el8
    sourcerpm: man-db-2.7.6.1-18.el8.src.rpm
  - url: https://cdn.redhat.com/content/aus/rhel8/8.6/x86_64/baseos/os/Packages/n/ncurses-6.1-9.20180224.el8_6.1.x86_64.rpm
    repoid: rhel-8-for-x86_64-baseos-aus-rpms
    size: 396536
    checksum: sha256:11409fe29d03778142f9bc1dd20c490c026ebc6d50cd1f9a4fbde74f3bd22847
    name: ncurses
    evr: 6.1-9.20180224.el8_6.1
    sourcerpm: ncurses-6.1-9.20180224.el8_6.1.src.rpm
  - url: https://cdn.redhat.com/content/aus/rhel8/8.6/x86_64/baseos/os/Packages/n/numactl-libs-2.0.12-13.el8.x86_64.rpm
    repoid: rhel-8-for-x86_64-baseos-aus-rpms
    size: 37024
    checksum: sha256:b4babe48d93eccce4f0249ba34d592bfc306c3b14b40df7a5cc9eaec2eaae20f
    name: numactl-libs
    evr: 2.0.12-13.el8
    sourcerpm: numactl-2.0.12-13.el8.src.rpm
  - url: https://cdn.redhat.com/content/aus/rhel8/8.6/x86_64/baseos/os/Packages/o/openssh-8.0p1-15.el8_6.3.x86_64.rpm
    repoid: rhel-8-for-x86_64-baseos-aus-rpms
    size: 536464
    checksum: sha256:87341612d8cc835799b0422e7966f25b7c3a5f6cfdc103fead758e1cfdc0e853
    name: openssh
    evr: 8.0p1-15.el8_6.3
    sourcerpm: openssh-8.0p1-15.el8_6.3.src.rpm
  - url: https://cdn.redhat.com/content/aus/rhel8/8.6/x86_64/baseos/os/Packages/o/openssh-clients-8.0p1-15.el8_6.3.x86_64.rpm
    repoid: rhel-8-for-x86_64-baseos-aus-rpms
    size: 658664
    checksum: sha256:99c4b374514f60b1e69c419e6f61225f4c1f3cee10b18a62d856040f699ce45a
    name: openssh-clients
    evr: 8.0p1-15.el8_6.3
    sourcerpm: openssh-8.0p1-15.el8_6.3.src.rpm
  - url: https://cdn.redhat.com/content/aus/rhel8/8.6/x86_64/baseos/os/Packages/o/openssl-1.1.1k-14.el8_6.x86_64.rpm
    repoid: rhel-8-for-x86_64-baseos-aus-rpms
    size: 728108
    checksum: sha256:a8e4ff3346cfa24713f54d2a9e2b53ad7f3c9d84a6c639ba2150b7cb09550af0
    name: openssl
    evr: 1:1.1.1k-14.el8_6
    sourcerpm: openssl-1.1.1k-14.el8_6.src.rpm
  - url: https://cdn.redhat.com/content/aus/rhel8/8.6/x86_64/baseos/os/Packages/p/pciutils-3.7.0-1.el8.x86_64.rpm
    repoid: rhel-8-for-x86_64-baseos-aus-rpms
    size: 107612
    checksum: sha256:d9dcb469e4c1a90f2e0ed3332d37feb88f804c882aae21fb6dfdeb6564dccfe5
    name: pciutils
    evr: 3.7.0-1.el8
    sourcerpm: pciutils-3.7.0-1.el8.src.rpm
  - url: https://cdn.redhat.com/content/aus/rhel8/8.6/x86_64/baseos/os/Packages/p/pciutils-libs-3.7.0-1.el8.x86_64.rpm
    repoid: rhel-8-for-x86_64-baseos-aus-rpms
    size: 55476
    checksum: sha256:a53f0be84231f676266183a16c0c474ba529f3a2858c6b86591221260a19840f
    name: pciutils-libs
    evr: 3.7.0-1.el8
    sourcerpm: pciutils-3.7.0-1.el8.src.rpm
  - url: https://cdn.redhat.com/content/aus/rhel8/8.6/x86_64/baseos/os/Packages/p/perl-Carp-1.42-396.el8.noarch.rpm
    repoid: rhel-8-for-x86_64-baseos-aus-rpms
    size: 30928
    checksum: sha256:77066ee655df356370b5d6d736d96835f5712f8e814dfc46b391ecaef9cdd19b
    name: perl-Carp
    evr: 1.42-396.el8
    sourcerpm: perl-Carp-1.42-396.el8.src.rpm
  - url: https://cdn.redhat.com/content/aus/rhel8/8.6/x86_64/baseos/os/Packages/p/perl-Data-Dumper-2.167-399.el8.x86_64.rpm
    repoid: rhel-8-for-x86_64-baseos-aus-rpms
    size: 59400
    checksum: sha256:07820bf56fb684093cebe7f0be962785dd918e71082201eed45eae2cefc30669
    name: perl-Data-Dumper
    evr: 2.167-399.el8
    sourcerpm: perl-Data-Dumper-2.167-399.el8.src.rpm
  - url: https://cdn.redhat.com/content/aus/rhel8/8.6/x86_64/baseos/os/Packages/p/perl-Encode-2.97-3.el8.x86_64.rpm
    repoid: rhel-8-for-x86_64-baseos-aus-rpms
    size: 1545496
    checksum: sha256:5662a18ee7856572448295b688c12c2378a3f9fb830d1703da4c8491416b2586
    name: perl-Encode
    evr: 4:2.97-3.el8
    sourcerpm: perl-Encode-2.97-3.el8.src.rpm
  - url: https://cdn.redhat.com/content/aus/rhel8/8.6/x86_64/baseos/os/Packages/p/perl-Errno-1.28-421.el8.x86_64.rpm
    repoid: rhel-8-for-x86_64-baseos-aus-rpms
    size: 78232
    checksum: sha256:c8c79138bb9a91fd36d9b66a10ce0f5089b32e85999adcd159e50efabb468425
    name: perl-Errno
    evr: 1.28-421.el8
    sourcerpm: perl-5.26.3-421.el8.src.rpm
  - url: https://cdn.redhat.com/content/aus/rhel8/8.6/x86_64/baseos/os/Packages/p/perl-Exporter-5.72-396.el8.noarch.rpm
    repoid: rhel-8-for-x86_64-baseos-aus-rpms
    size: 34844
    checksum: sha256:7c385e32c12b2639232f74a5dfdfef86daf82e5418bc292c5ab2640fb5cf46dc
    name: perl-Exporter
    evr: 5.72-396.el8
    sourcerpm: perl-Exporter-5.72-396.el8.src.rpm
  - url: https://cdn.redhat.com/content/aus/rhel8/8.6/x86_64/baseos/os/Packages/p/perl-File-Path-2.15-2.el8.noarch.rpm
    repoid: rhel-8-for-x86_64-baseos-aus-rpms
    size: 39036
    checksum: sha256:d906b13d5dd7a5595133e2a1af83ae17a1aae0c107579db723d21ec4371f3570
    name: perl-File-Path
    evr: 2.15-2.el8
    sourcerpm: perl-File-Path-2.15-2.el8.src.rpm
  - url: https://cdn.redhat.com/content/aus/rhel8/8.6/x86_64/baseos/os/Packages/p/perl-File-Temp-0.230.600-1.el8.noarch.rpm
    repoid: rhel-8-for-x86_64-baseos-aus-rpms
    size: 64104
    checksum: sha256:537059f8a2598f7b364693aec72f67f1a954c525b381139f736d75edbf19aa12
    name: perl-File-Temp
    evr: 0.230.600-1.el8
    sourcerpm: perl-File-Temp-0.230.600-1.el8.src.rpm
  - url: https://cdn.redhat.com/content/aus/rhel8/8.6/x86_64/baseos/os/Packages/p/perl-Getopt-Long-2.50-4.el8.noarch.rpm
    repoid: rhel-8-for-x86_64-baseos-aus-rpms
    size: 64468
    checksum: sha256:2976f2c007ac981a70e414960cd7426f446ebc8a0bf8feae7a6ece06c63ffefb
    name: perl-Getopt-Long
    evr: 1:2.50-4.el8
    sourcerpm: perl-Getopt-Long-2.50-4.el8.src.rpm
  - url: https://cdn.redhat.com/content/aus/rhel8/8.6/x86_64/baseos/os/Packages/p/perl-HTTP-Tiny-0.074-1.el8_6.1.noarch.rpm
    repoid: rhel-8-for-x86_64-baseos-aus-rpms
    size: 59916
    checksum: sha256:74e2e6cbb19c84fa0ac5de17ff4259b199683ea30e31fd5ed759081242521257
    name: perl-HTTP-Tiny
    evr: 0.074-1.el8_6.1
    sourcerpm: perl-HTTP-Tiny-0.074-1.el8_6.1.src.rpm
  - url: https://cdn.redhat.com/content/aus/rhel8/8.6/x86_64/baseos/os/Packages/p/perl-IO-1.38-421.el8.x86_64.rpm
    repoid: rhel-8-for-x86_64-baseos-aus-rpms
    size: 145608
    checksum: sha256:b23e47502871c2abf53a080d5108c3f5fa8a8fa4285ca026b17370d6bf27c2ec
    name: perl-IO
    evr: 1.38-421.el8
    sourcerpm: perl-5.26.3-421.el8.src.rpm
  - url: https://cdn.redhat.com/content/aus/rhel8/8.6/x86_64/baseos/os/Packages/p/perl-MIME-Base64-3.15-396.el8.x86_64.rpm
    repoid: rhel-8-for-x86_64-baseos-aus-rpms
    size: 31396
    checksum: sha256:78c75125187f1f8d66a6106ea7b07e8cf2b57c18bf85f6dd888842464b128a5c
    name: perl-MIME-Base64
    evr: 3.15-396.el8
    sourcerpm: perl-MIME-Base64-3.15-396.el8.src.rpm
  - url: https://cdn.redhat.com/content/aus/rhel8/8.6/x86_64/baseos/os/Packages/p/perl-PathTools-3.74-1.el8.x86_64.rpm
    repoid: rhel-8-for-x86_64-baseos-aus-rpms
    size: 92196
    checksum: sha256:0e5d51dc3249aa800150bac70d394ad650dc509bebbec35446494f86cd92aecc
    name: perl-PathTools
    evr: 3.74-1.el8
    sourcerpm: perl-PathTools-3.74-1.el8.src.rpm
  - url: https://cdn.redhat.com/content/aus/rhel8/8.6/x86_64/baseos/os/Packages/p/perl-Pod-Escapes-1.07-395.el8.noarch.rpm
    repoid: rhel-8-for-x86_64-baseos-aus-rpms
    size: 20980
    checksum: sha256:21b1497d132a52c93129700d58c44ba8c36af8da1bbd23fb408c00c3117c1012
    name: perl-Pod-Escapes
    evr: 1:1.07-395.el8
    sourcerpm: perl-Pod-Escapes-1.07-395.el8.src.rpm
  - url: https://cdn.redhat.com/content/aus/rhel8/8.6/x86_64/baseos/os/Packages/p/perl-Pod-Perldoc-3.28-396.el8.noarch.rpm
    repoid: rhel-8-for-x86_64-baseos-aus-rpms
    size: 90248
    checksum: sha256:a660c78f704d3d22458c71d86605f51d62e3cc5306d22d66bb1df86c7274ad6c
    name: perl-Pod-Perldoc
    evr: 3.28-396.el8
    sourcerpm: perl-Pod-Perldoc-3.28-396.el8.src.rpm
  - url: https://cdn.redhat.com/content/aus/rhel8/8.6/x86_64/baseos/os/Packages/p/perl-Pod-Simple-3.35-395.el8.noarch.rpm
    repoid: rhel-8-for-x86_64-baseos-aus-rpms
    size: 218284
    checksum: sha256:e17077c8803f792c02570b2768510b8e4955bd0ae68ab4930e7060fcbb3793f6
    name: perl-Pod-Simple
    evr: 1:3.35-395.el8
    sourcerpm: perl-Pod-Simple-3.35-395.el8.src.rpm
  - url: https://cdn.redhat.com/content/aus/rhel8/8.6/x86_64/baseos/os/Packages/p/perl-Pod-Usage-1.69-395.el8.noarch.rpm
    repoid: rhel-8-for-x86_64-baseos-aus-rpms
    size: 35300
    checksum: sha256:f727e7919c662ae990d02ad2a6299ed3161ad7522587c11441477aae03549f06
    name: perl-Pod-Usage
    evr: 4:1.69-395.el8
    sourcerpm: perl-Pod-Usage-1.69-395.el8.src.rpm
  - url: https://cdn.redhat.com/content/aus/rhel8/8.6/x86_64/baseos/os/Packages/p/perl-Scalar-List-Utils-1.49-2.el8.x86_64.rpm
    repoid: rhel-8-for-x86_64-baseos-aus-rpms
    size: 69428
    checksum: sha256:fbc4b08c066f448d213ba5acbcf20a8931c419d2238bc0fe5dd39f71bdf9b30d
    name: perl-Scalar-List-Utils
    evr: 3:1.49-2.el8
    sourcerpm: perl-Scalar-List-Utils-1.49-2.el8.src.rpm
  - url: https://cdn.redhat.com/content/aus/rhel8/8.6/x86_64/baseos/os/Packages/p/perl-Socket-2.027-3.el8.x86_64.rpm
    repoid: rhel-8-for-x86_64-baseos-aus-rpms
    size: 60224
    checksum: sha256:cec7c0d124dc281ef4befe001bceabbeba83c5bf05c9a4430102b490cc8bf8e8
    name: perl-Socket
    evr: 4:2.027-3.el8
    sourcerpm: perl-Socket-2.027-3.el8.src.rpm
  - url: https://cdn.redhat.com/content/aus/rhel8/8.6/x86_64/baseos/os/Packages/p/perl-Storable-3.11-3.el8.x86_64.rpm
    repoid: rhel-8-for-x86_64-baseos-aus-rpms
    size: 100672
    checksum: sha256:ceb9382fbfb2bda85764ea055ffdad26a202c5d8744d867472eb75020060a5aa
    name: perl-Storable
    evr: 1:3.11-3.el8
    sourcerpm: perl-Storable-3.11-3.el8.src.rpm
  - url: https://cdn.redhat.com/content/aus/rhel8/8.6/x86_64/baseos/os/Packages/p/perl-Term-ANSIColor-4.06-396.el8.noarch.rpm
    repoid: rhel-8-for-x86_64-baseos-aus-rpms
    size: 47120
    checksum: sha256:657efda777af4b0d63ab127a72f3373c0d8a18f3b81e912b24a5fbdc9927dc1e
    name: perl-Term-ANSIColor
    evr: 4.06-396.el8
    sourcerpm: perl-Term-ANSIColor-4.06-396.el8.src.rpm
  - url: https://cdn.redhat.com/content/aus/rhel8/8.6/x86_64/baseos/os/Packages/p/perl-Term-Cap-1.17-395.el8.noarch.rpm
    repoid: rhel-8-for-x86_64-baseos-aus-rpms
    size: 23368
    checksum: sha256:41c0f3ea7c7c2f21b5ccb0432db2c1b916ae34691a57f0b7bcb5a09dc7d8fafc
    name: perl-Term-Cap
    evr: 1.17-395.el8
    sourcerpm: perl-Term-Cap-1.17-395.el8.src.rpm
  - url: https://cdn.redhat.com/content/aus/rhel8/8.6/x86_64/baseos/os/Packages/p/perl-Text-ParseWords-3.30-395.el8.noarch.rpm
    repoid: rhel-8-for-x86_64-baseos-aus-rpms
    size: 18372
    checksum: sha256:25ff1ab94430493bde65da6a800bb2638edc64dca38971eba2c798475cc18b97
    name: perl-Text-ParseWords
    evr: 3.30-395.el8
    sourcerpm: perl-Text-ParseWords-3.30-395.el8.src.rpm
  - url: https://cdn.redhat.com/content/aus/rhel8/8.6/x86_64/baseos/os/Packages/p/perl-Text-Tabs+Wrap-2013.0523-395.el8.noarch.rpm
    repoid: rhel-8-for-x86_64-baseos-aus-rpms
    size: 24736
    checksum: sha256:7e078a375d2636b705e1734be79a8b76a306f8578066c901713663e367925bc7
    name: perl-Text-Tabs+Wrap
    evr: 2013.0523-395.el8
    sourcerpm: perl-Text-Tabs+Wrap-2013.0523-395.el8.src.rpm
  - url: https://cdn.redhat.com/content/aus/rhel8/8.6/x86_64/baseos/os/Packages/p/perl-Time-Local-1.280-1.el8.noarch.rpm
    repoid: rhel-8-for-x86_64-baseos-aus-rpms
    size: 34328
    checksum: sha256:4019e427bf69ed70e3a3cdfdcdd6771bcee1484f8e83bb69539a9e6530baddf1
    name: perl-Time-Local
    evr: 1:1.280-1.el8
    sourcerpm: perl-Time-Local-1.280-1.el8.src.rpm
  - url: https://cdn.redhat.com/content/aus/rhel8/8.6/x86_64/baseos/os/Packages/p/perl-Unicode-Normalize-1.25-396.el8.x86_64.rpm
    repoid: rhel-8-for-x86_64-baseos-aus-rpms
    size: 83844
    checksum: sha256:e2ad63f39d3e929d08f4938fb325a861bfa19715a3701dfceb06391d18ef3c42
    name: perl-Unicode-Normalize
    evr: 1.25-396.el8
    sourcerpm: perl-Unicode-Normalize-1.25-396.el8.src.rpm
  - url: https://cdn.redhat.com/content/aus/rhel8/8.6/x86_64/baseos/os/Packages/p/perl-constant-1.33-396.el8.noarch.rpm
    repoid: rhel-8-for-x86_64-baseos-aus-rpms
    size: 25956
    checksum: sha256:36798d9e979c9976ed66e23b3c8bda6250c4e80e411afe55c3942291cb4cb4ce
    name: perl-constant
    evr: 1.33-396.el8
    sourcerpm: perl-constant-1.33-396.el8.src.rpm
  - url: https://cdn.redhat.com/content/aus/rhel8/8.6/x86_64/baseos/os/Packages/p/perl-interpreter-5.26.3-421.el8.x86_64.rpm
    repoid: rhel-8-for-x86_64-baseos-aus-rpms
    size: 6621484
    checksum: sha256:eae5d5bcfb99ecd5c9946867fd5b74fe166b109a39969887ad17302c90bf5a62
    name: perl-interpreter
    evr: 4:5.26.3-421.el8
    sourcerpm: perl-5.26.3-421.el8.src.rpm
  - url: https://cdn.redhat.com/content/aus/rhel8/8.6/x86_64/baseos/os/Packages/p/perl-libs-5.26.3-421.el8.x86_64.rpm
    repoid: rhel-8-for-x86_64-baseos-aus-rpms
    size: 1633252
    checksum: sha256:1ec0343269ffe7358994b53d77339ba3609465b7474db236b41d87924c16b637
    name: perl-libs
    evr: 4:5.26.3-421.el8
    sourcerpm: perl-5.26.3-421.el8.src.rpm
  - url: https://cdn.redhat.com/content/aus/rhel8/8.6/x86_64/baseos/os/Packages/p/perl-macros-5.26.3-421.el8.x86_64.rpm
    repoid: rhel-8-for-x86_64-baseos-aus-rpms
    size: 74144
    checksum: sha256:10e62e526bd61e5d61f1cabf984ddd9bf8117f9d04f30b57aad9281f6d741cba
    name: perl-macros
    evr: 4:5.26.3-421.el8
    sourcerpm: perl-5.26.3-421.el8.src.rpm
  - url: https://cdn.redhat.com/content/aus/rhel8/8.6/x86_64/baseos/os/Packages/p/perl-parent-0.237-1.el8.noarch.rpm
    repoid: rhel-8-for-x86_64-baseos-aus-rpms
    size: 20520
    checksum: sha256:abe578c5dee7c306812e241c77ebc8ba4b54f90df8e65c56f8f202ba6e0d7183
    name: perl-parent
    evr: 1:0.237-1.el8
    sourcerpm: perl-parent-0.237-1.el8.src.rpm
  - url: https://cdn.redhat.com/content/aus/rhel8/8.6/x86_64/baseos/os/Packages/p/perl-podlators-4.11-1.el8.noarch.rpm
    repoid: rhel-8-for-x86_64-baseos-aus-rpms
    size: 120828
    checksum: sha256:4811ab95c1d50ef7380e2c5937ae4490f8e28f56cf787c189437d1709e4423fb
    name: perl-podlators
    evr: 4.11-1.el8
    sourcerpm: perl-podlators-4.11-1.el8.src.rpm
  - url: https://cdn.redhat.com/content/aus/rhel8/8.6/x86_64/baseos/os/Packages/p/perl-threads-2.21-2.el8.x86_64.rpm
    repoid: rhel-8-for-x86_64-baseos-aus-rpms
    size: 62692
    checksum: sha256:0d3f8e14265aa162bfcec4aff8064fa26188f1e51e897f20760bab906a9f9e5e
    name: perl-threads
    evr: 1:2.21-2.el8
    sourcerpm: perl-threads-2.21-2.el8.src.rpm
  - url: https://cdn.redhat.com/content/aus/rhel8/8.6/x86_64/baseos/os/Packages/p/perl-threads-shared-1.58-2.el8.x86_64.rpm
    repoid: rhel-8-for-x86_64-baseos-aus-rpms
    size: 48800
    checksum: sha256:78af5e69d8a6b9dd041ec748e7401ed6f0ce80f2003f43a7723816d0b2aa4c69
    name: perl-threads-shared
    evr: 1.58-2.el8
    sourcerpm: perl-threads-shared-1.58-2.el8.src.rpm
  - url: https://cdn.redhat.com/content/aus/rhel8/8.6/x86_64/baseos/os/Packages/p/pkgconf-1.4.2-1.el8.x86_64.rpm
    repoid: rhel-8-for-x86_64-baseos-aus-rpms
    size: 38956
    checksum: sha256:b9d0a4c0e16db4c05b2d0690216d8c5da2db7d67bc765a00ce2a32c5f810c245
    name: pkgconf
    evr: 1.4.2-1.el8
    sourcerpm: pkgconf-1.4.2-1.el8.src.rpm
  - url: https://cdn.redhat.com/content/aus/rhel8/8.6/x86_64/baseos/os/Packages/p/pkgconf-m4-1.4.2-1.el8.noarch.rpm
    repoid: rhel-8-for-x86_64-baseos-aus-rpms
    size: 17484
    checksum: sha256:9a89874a5b8326c85c0b34b02c122ffc052b32a12b20354ce95859ac5296a159
    name: pkgconf-m4
    evr: 1.4.2-1.el8
    sourcerpm: pkgconf-1.4.2-1.el8.src.rpm
  - url: https://cdn.redhat.com/content/aus/rhel8/8.6/x86_64/baseos/os/Packages/p/pkgconf-pkg-config-1.4.2-1.el8.x86_64.rpm
    repoid: rhel-8-for-x86_64-baseos-aus-rpms
    size: 15628
    checksum: sha256:1c4a8674eafc31d36030f3fd0c081326d4301570d4e35b59d6f6ef1e163f655b
    name: pkgconf-pkg-config
    evr: 1.4.2-1.el8
    sourcerpm: pkgconf-1.4.2-1.el8.src.rpm
  - url: https://cdn.redhat.com/content/aus/rhel8/8.6/x86_64/baseos/os/Packages/p/platform-python-pip-9.0.3-22.3.el8_6.noarch.rpm
    repoid: rhel-8-for-x86_64-baseos-aus-rpms
    size: 1633056
    checksum: sha256:69a75a595e57a5af647922b502362fe23a7f2b81df6c36197f9848779d12f7fc
    name: platform-python-pip
    evr: 9.0.3-22.3.el8_6
    sourcerpm: python-pip-9.0.3-22.3.el8_6.src.rpm
  - url: https://cdn.redhat.com/content/aus/rhel8/8.6/x86_64/baseos/os/Packages/p/procps-ng-3.3.15-6.el8.x86_64.rpm
    repoid: rhel-8-for-x86_64-baseos-aus-rpms
    size: 336812
    checksum: sha256:49f89e7b459eaa297e518c0e55d81d1b0d8181959346673babb158103422652d
    name: procps-ng
    evr: 3.3.15-6.el8
    sourcerpm: procps-ng-3.3.15-6.el8.src.rpm
  - url: https://cdn.redhat.com/content/aus/rhel8/8.6/x86_64/baseos/os/Packages/p/psmisc-23.1-5.el8.x86_64.rpm
    repoid: rhel-8-for-x86_64-baseos-aus-rpms
    size: 154388
    checksum: sha256:e22840ee14aa1993e75fd690749c01dbb7d4419c2b210fef173ff99a76f61ff6
    name: psmisc
    evr: 23.1-5.el8
    sourcerpm: psmisc-23.1-5.el8.src.rpm
  - url: https://cdn.redhat.com/content/aus/rhel8/8.6/x86_64/baseos/os/Packages/p/python3-setuptools-39.2.0-7.el8_6.2.noarch.rpm
    repoid: rhel-8-for-x86_64-baseos-aus-rpms
    size: 166936
    checksum: sha256:6742fc061fc512f37cb042cb411cc63cea19aeacfceae33f06ee6004330d57c7
    name: python3-setuptools
    evr: 39.2.0-7.el8_6.2
    sourcerpm: python-setuptools-39.2.0-7.el8_6.2.src.rpm
  - url: https://cdn.redhat.com/content/aus/rhel8/8.6/x86_64/baseos/os/Packages/r/rdma-core-37.2-1.el8_6.1.x86_64.rpm
    repoid: rhel-8-for-x86_64-baseos-aus-rpms
    size: 60892
    checksum: sha256:c1a5eeb6bbc566c8afb2be925a4f44f33c51a9ad7bf772e2c86175d05ca5f5ec
    name: rdma-core
    evr: 37.2-1.el8_6.1
    sourcerpm: rdma-core-37.2-1.el8_6.1.src.rpm
  - url: https://cdn.redhat.com/content/aus/rhel8/8.6/x86_64/baseos/os/Packages/r/rdma-core-devel-37.2-1.el8_6.1.x86_64.rpm
    repoid: rhel-8-for-x86_64-baseos-aus-rpms
    size: 384712
    checksum: sha256:118b131c8640c7319b272e141be637ce46c04ff6a77919b52d379326d78055cb
    name: rdma-core-devel
    evr: 37.2-1.el8_6.1
    sourcerpm: rdma-core-37.2-1.el8_6.1.src.rpm
  - url: https://cdn.redhat.com/content/aus/rhel8/8.6/x86_64/baseos/os/Packages/r/rsync-3.1.3-14.el8_6.8.x86_64.rpm
    repoid: rhel-8-for-x86_64-baseos-aus-rpms
    size: 419976
    checksum: sha256:e745251b7b4e1ce969f0758c7facea100a6866e318e2bcbcee981d5973957680
    name: rsync
    evr: 3.1.3-14.el8_6.8
    sourcerpm: rsync-3.1.3-14.el8_6.8.src.rpm
  - url: https://cdn.redhat.com/content/aus/rhel8/8.6/x86_64/baseos/os/Packages/t/tcl-8.6.8-2.el8.x86_64.rpm
    repoid: rhel-8-for-x86_64-baseos-aus-rpms
    size: 1163572
    checksum: sha256:b01883915ae99b73b0670187251efc3ef6d6375fb68e6ce75e7c8e841d8102c6
    name: tcl
    evr: 1:8.6.8-2.el8
    sourcerpm: tcl-8.6.8-2.el8.src.rpm
  - url: https://cdn.redhat.com/content/aus/rhel8/8.6/x86_64/baseos/os/Packages/u/unzip-6.0-46.el8.x86_64.rpm
    repoid: rhel-8-for-x86_64-baseos-aus-rpms
    size: 200568
    checksum: sha256:af382b8bbb076e8662abf092c89ddd233796c6b8ed201d37fbcfcc07824295dd
    name: unzip
    evr: 6.0-46.el8
    sourcerpm: unzip-6.0-46.el8.src.rpm
  - url: https://cdn.redhat.com/content/aus/rhel8/8.6/x86_64/baseos/os/Packages/x/xz-5.2.4-4.el8_6.x86_64.rpm
    repoid: rhel-8-for-x86_64-baseos-aus-rpms
    size: 156884
    checksum: sha256:fa4ceb20dbf23e9408a6446fefc4b709bc85e0bc563ca423569bbe08ecee2c5e
    name: xz
    evr: 5.2.4-4.el8_6
    sourcerpm: xz-5.2.4-4.el8_6.src.rpm
  source: []
  module_metadata:
  - url: https://cdn.redhat.com/content/aus/rhel8/8.6/x86_64/appstream/os/repodata/848eb05503725ed35d7d50f9edc559a9c2a477ac431482fec8f748fac986e211-modules.yaml.gz
    repoid: rhel-8-for-x86_64-appstream-aus-rpms
    size: 544638
    checksum: sha256:848eb05503725ed35d7d50f9edc559a9c2a477ac431482fec8f748fac986e211
